{
  "lockfileVersion": 1,
  "configVersion": 1,
  "workspaces": {
    "": {
      "name": "apollo-graphql-how-many-subgraphs",
      "dependencies": {
        "@apollo/subgraph": "^2.15.1",
        "graphql": "16.8.1",
      },
    },
  },
  "packages": {
    "@apollo/cache-control-types": ["@apollo/cache-control-types@1.0.3", "", { "peerDependencies": { "graphql": "14.x || 15.x || 16.x" } }, "sha512-F17/vCp7QVwom9eG7ToauIKdAxpSoadsJnqIfyryLFSkLSOEqu+eC5Z3N8OXcUVStuOMcNHlyraRsA6rRICu4g=="],

    "@apollo/subgraph": ["@apollo/subgraph@2.15.1", "", { "dependencies": { "@apollo/cache-control-types": "^1.0.3", "@graphql-tools/utils": "^12.0.0" }, "peerDependencies": { "graphql": "^16.11.0" } }, "sha512-y9G5Mw5Pn/kW7u4IoyrmdFfDUe1A7s4vXYKvsqlXLO1xSYRANmVnHTRY90qGqR5Vohe79BZ/lMWDDXGsiiX+AQ=="],

    "@graphql-tools/utils": ["@graphql-tools/utils@12.0.1", "", { "dependencies": { "@graphql-typed-document-node/core": "^3.1.1", "@whatwg-node/promise-helpers": "^1.0.0", "cross-inspect": "1.0.1", "tslib": "^2.4.0" }, "peerDependencies": { "graphql": "^14.0.0 || ^15.0.0 || ^16.0.0 || ^17.0.0" } }, "sha512-8YC6jn4xYDS6YTY6xDAgQAs/nGgvzRaIGHS8GeSfVItQzNK7Ms24CQtE3EJY+amvR+tBnhRSX0N83aGj+V/RIg=="],

    "@graphql-typed-document-node/core": ["@graphql-typed-document-node/core@3.2.0", "", { "peerDependencies": { "graphql": "^0.8.0 || ^0.9.0 || ^0.10.0 || ^0.11.0 || ^0.12.0 || ^0.13.0 || ^14.0.0 || ^15.0.0 || ^16.0.0 || ^17.0.0" } }, "sha512-mB9oAsNCm9aM3/SOv4YtBMqZbYj10R7dkq8byBqxGY/ncFwhf2oQzMV+LCRlWoDSEBJ3COiR1yeDvMtsoOsuFQ=="],

    "@whatwg-node/promise-helpers": ["@whatwg-node/promise-helpers@1.3.2", "", { "dependencies": { "tslib": "^2.6.3" } }, "sha512-Nst5JdK47VIl9UcGwtv2Rcgyn5lWtZ0/mhRQ4G8NN2isxpq2TO30iqHzmwoJycjWuyUfg3GFXqP/gFHXeV57IA=="],

    "cross-inspect": ["cross-inspect@1.0.1", "", { "dependencies": { "tslib": "^2.4.0" } }, "sha512-Pcw1JTvZLSJH83iiGWt6fRcT+BjZlCDRVwYLbUcHzv/CRpB7r0MlSrGbIyQvVSNyGnbt7G4AXuyCiDR3POvZ1A=="],

    "graphql": ["graphql@16.8.1", "", {}, "sha512-59LZHPdGZVh695Ud9lRzPBVTtlX9ZCV150Er2W43ro37wVof0ctenSaskPPjN7lVTIN8mSZt8PHUNKZuNQUuxw=="],

    "tslib": ["tslib@2.8.1", "", {}, "sha512-oJFu94HQb+KVduSUQL7wnpmqnfmLsOA/nAh6b6EH0wCEoK0/mPeXU6c3wKDV83MkOuHPRHtSXKKU99IBazS/2w=="],
  }
}
